
Microsoft Visual Studio Solution File, Format Version 12.00
# Visual Studio Version 16
VisualStudioVersion = 16.0.29306.81
MinimumVisualStudioVersion = 10.0.40219.1
Project("{FAE04EC0-301F-11D3-BF4B-00C04F79EFBC}") = "07,10classwork", "07,10classwork\07,10classwork.csproj", "{CACE1388-41D9-43E7-9EEA-082DA27BDA71}"
EndProject
Global
	GlobalSection(SolutionConfigurationPlatforms) = preSolution
		Debug|Any CPU = Debug|Any CPU
		Release|Any CPU = Release|Any CPU
	EndGlobalSection
	GlobalSection(ProjectConfigurationPlatforms) = postSolution
		{CACE1388-41D9-43E7-9EEA-082DA27BDA71}.Debug|Any CPU.ActiveCfg = Debug|Any CPU
		{CACE1388-41D9-43E7-9EEA-082DA27BDA71}.Debug|Any CPU.Build.0 = Debug|Any CPU
		{CACE1388-41D9-43E7-9EEA-082DA27BDA71}.Release|Any CPU.ActiveCfg = Release|Any CPU
		{CACE1388-41D9-43E7-9EEA-082DA27BDA71}.Release|Any CPU.Build.0 = Release|Any CPU
	EndGlobalSection
	GlobalSection(SolutionProperties) = preSolution
		HideSolutionNode = FALSE
	EndGlobalSection
	GlobalSection(ExtensibilityGlobals) = postSolution
		SolutionGuid = {4A903E8C-EFA3-449F-BC12-2FF1444F4C8B}
	EndGlobalSection
EndGlobal
