
Microsoft Visual Studio Solution File, Format Version 12.00
# Visual Studio Version 16
VisualStudioVersion = 16.0.29306.81
MinimumVisualStudioVersion = 10.0.40219.1
Project("{FAE04EC0-301F-11D3-BF4B-00C04F79EFBC}") = "07,10CLASSWORKTASK2", "07,10CLASSWORKTASK2\07,10CLASSWORKTASK2.csproj", "{347DDF89-D4FD-4211-8AAD-4078CE6375DD}"
EndProject
Global
	GlobalSection(SolutionConfigurationPlatforms) = preSolution
		Debug|Any CPU = Debug|Any CPU
		Release|Any CPU = Release|Any CPU
	EndGlobalSection
	GlobalSection(ProjectConfigurationPlatforms) = postSolution
		{347DDF89-D4FD-4211-8AAD-4078CE6375DD}.Debug|Any CPU.ActiveCfg = Debug|Any CPU
		{347DDF89-D4FD-4211-8AAD-4078CE6375DD}.Debug|Any CPU.Build.0 = Debug|Any CPU
		{347DDF89-D4FD-4211-8AAD-4078CE6375DD}.Release|Any CPU.ActiveCfg = Release|Any CPU
		{347DDF89-D4FD-4211-8AAD-4078CE6375DD}.Release|Any CPU.Build.0 = Release|Any CPU
	EndGlobalSection
	GlobalSection(SolutionProperties) = preSolution
		HideSolutionNode = FALSE
	EndGlobalSection
	GlobalSection(ExtensibilityGlobals) = postSolution
		SolutionGuid = {29DC8297-837C-46F6-B28B-A54385C2829B}
	EndGlobalSection
EndGlobal
