
Microsoft Visual Studio Solution File, Format Version 12.00
# Visual Studio Version 16
VisualStudioVersion = 16.0.29519.181
MinimumVisualStudioVersion = 10.0.40219.1
Project("{FAE04EC0-301F-11D3-BF4B-00C04F79EFBC}") = "GetSinAndCos", "GetSinAndCos.csproj", "{4030B5D7-8B9D-4FF8-995A-33097B5AA9DA}"
EndProject
Global
	GlobalSection(SolutionConfigurationPlatforms) = preSolution
		Debug|Any CPU = Debug|Any CPU
		Release|Any CPU = Release|Any CPU
	EndGlobalSection
	GlobalSection(ProjectConfigurationPlatforms) = postSolution
		{4030B5D7-8B9D-4FF8-995A-33097B5AA9DA}.Debug|Any CPU.ActiveCfg = Debug|Any CPU
		{4030B5D7-8B9D-4FF8-995A-33097B5AA9DA}.Debug|Any CPU.Build.0 = Debug|Any CPU
		{4030B5D7-8B9D-4FF8-995A-33097B5AA9DA}.Release|Any CPU.ActiveCfg = Release|Any CPU
		{4030B5D7-8B9D-4FF8-995A-33097B5AA9DA}.Release|Any CPU.Build.0 = Release|Any CPU
	EndGlobalSection
	GlobalSection(SolutionProperties) = preSolution
		HideSolutionNode = FALSE
	EndGlobalSection
	GlobalSection(ExtensibilityGlobals) = postSolution
		SolutionGuid = {8AA469DB-651B-48AB-8B41-552187E65567}
	EndGlobalSection
EndGlobal
