
Microsoft Visual Studio Solution File, Format Version 12.00
# Visual Studio Version 16
VisualStudioVersion = 16.0.29519.87
MinimumVisualStudioVersion = 10.0.40219.1
Project("{FAE04EC0-301F-11D3-BF4B-00C04F79EFBC}") = "KnowQuarter", "KnowQuarter.csproj", "{458F2E38-B3D3-436A-B000-99F9BD8C824A}"
EndProject
Global
	GlobalSection(SolutionConfigurationPlatforms) = preSolution
		Debug|Any CPU = Debug|Any CPU
		Release|Any CPU = Release|Any CPU
	EndGlobalSection
	GlobalSection(ProjectConfigurationPlatforms) = postSolution
		{458F2E38-B3D3-436A-B000-99F9BD8C824A}.Debug|Any CPU.ActiveCfg = Debug|Any CPU
		{458F2E38-B3D3-436A-B000-99F9BD8C824A}.Debug|Any CPU.Build.0 = Debug|Any CPU
		{458F2E38-B3D3-436A-B000-99F9BD8C824A}.Release|Any CPU.ActiveCfg = Release|Any CPU
		{458F2E38-B3D3-436A-B000-99F9BD8C824A}.Release|Any CPU.Build.0 = Release|Any CPU
	EndGlobalSection
	GlobalSection(SolutionProperties) = preSolution
		HideSolutionNode = FALSE
	EndGlobalSection
	GlobalSection(ExtensibilityGlobals) = postSolution
		SolutionGuid = {F684C0E4-BA38-4DE4-AE8B-8F4F258CD434}
	EndGlobalSection
EndGlobal
