
Microsoft Visual Studio Solution File, Format Version 12.00
# Visual Studio Version 16
VisualStudioVersion = 16.0.29519.181
MinimumVisualStudioVersion = 10.0.40219.1
Project("{FAE04EC0-301F-11D3-BF4B-00C04F79EFBC}") = "ArraysTask1Variant6,14", "ArraysTask1Variant6,14.csproj", "{F920AA8B-9C8A-4CD5-9B90-0181C74414A9}"
EndProject
Global
	GlobalSection(SolutionConfigurationPlatforms) = preSolution
		Debug|Any CPU = Debug|Any CPU
		Release|Any CPU = Release|Any CPU
	EndGlobalSection
	GlobalSection(ProjectConfigurationPlatforms) = postSolution
		{F920AA8B-9C8A-4CD5-9B90-0181C74414A9}.Debug|Any CPU.ActiveCfg = Debug|Any CPU
		{F920AA8B-9C8A-4CD5-9B90-0181C74414A9}.Debug|Any CPU.Build.0 = Debug|Any CPU
		{F920AA8B-9C8A-4CD5-9B90-0181C74414A9}.Release|Any CPU.ActiveCfg = Release|Any CPU
		{F920AA8B-9C8A-4CD5-9B90-0181C74414A9}.Release|Any CPU.Build.0 = Release|Any CPU
	EndGlobalSection
	GlobalSection(SolutionProperties) = preSolution
		HideSolutionNode = FALSE
	EndGlobalSection
	GlobalSection(ExtensibilityGlobals) = postSolution
		SolutionGuid = {774F963A-24D6-43FD-A7B6-05B203E08479}
	EndGlobalSection
EndGlobal
